// !$*UTF8*$!
{
	archiveVersion = 1;
	classes = {
	};
	objectVersion = 50;
	objects = {

/* Begin PBXBuildFile section */
		85196F61263E2F790071997A /* FitnessClassModel.swift in Sources */ = {isa = PBXBuildFile; fileRef = 85196F60263E2F790071997A /* FitnessClassModel.swift */; };
		853E7850263C0CE5004E92F2 /* TimetableRequest.swift in Sources */ = {isa = PBXBuildFile; fileRef = 853E784B263C0CE0004E92F2 /* TimetableRequest.swift */; };
		8592127626396667006260D9 /* LoadingScreenView.swift in Sources */ = {isa = PBXBuildFile; fileRef = 8592127526396667006260D9 /* LoadingScreenView.swift */; };
		8592128126396D76006260D9 /* LocationsModel.swift in Sources */ = {isa = PBXBuildFile; fileRef = 8592128026396D76006260D9 /* LocationsModel.swift */; };
		859B73D32639053B00AC82C4 /* ClubLocationsView.swift in Sources */ = {isa = PBXBuildFile; fileRef = 859B73D22639053B00AC82C4 /* ClubLocationsView.swift */; };
		85CCE26B263A05B900698EEF /* Model.swift in Sources */ = {isa = PBXBuildFile; fileRef = 85CCE266263A05B100698EEF /* Model.swift */; };
		85E53634263790C30072BC0C /* LesmillsNZApp.swift in Sources */ = {isa = PBXBuildFile; fileRef = 85E53633263790C30072BC0C /* LesmillsNZApp.swift */; };
		85E53636263790C30072BC0C /* ContentView.swift in Sources */ = {isa = PBXBuildFile; fileRef = 85E53635263790C30072BC0C /* ContentView.swift */; };
		85E53638263790C60072BC0C /* Assets.xcassets in Resources */ = {isa = PBXBuildFile; fileRef = 85E53637263790C60072BC0C /* Assets.xcassets */; };
		85E5363B263790C60072BC0C /* Preview Assets.xcassets in Resources */ = {isa = PBXBuildFile; fileRef = 85E5363A263790C60072BC0C /* Preview Assets.xcassets */; };
		85E53640263790C60072BC0C /* LesmillsNZ WatchKit App.app in Embed Watch Content */ = {isa = PBXBuildFile; fileRef = 85E5363F263790C60072BC0C /* LesmillsNZ WatchKit App.app */; settings = {ATTRIBUTES = (RemoveHeadersOnCopy, ); }; };
		85E53645263790C70072BC0C /* Assets.xcassets in Resources */ = {isa = PBXBuildFile; fileRef = 85E53644263790C70072BC0C /* Assets.xcassets */; };
		85E5364C263790C70072BC0C /* LesmillsNZ WatchKit Extension.appex in Embed App Extensions */ = {isa = PBXBuildFile; fileRef = 85E5364B263790C70072BC0C /* LesmillsNZ WatchKit Extension.appex */; settings = {ATTRIBUTES = (RemoveHeadersOnCopy, ); }; };
		85E53651263790C70072BC0C /* ContentView.swift in Sources */ = {isa = PBXBuildFile; fileRef = 85E53650263790C70072BC0C /* ContentView.swift */; };
		85E53653263790C70072BC0C /* LesmillsNZApp.swift in Sources */ = {isa = PBXBuildFile; fileRef = 85E53652263790C70072BC0C /* LesmillsNZApp.swift */; };
		85E53655263790C70072BC0C /* ComplicationController.swift in Sources */ = {isa = PBXBuildFile; fileRef = 85E53654263790C70072BC0C /* ComplicationController.swift */; };
		85E53657263790C90072BC0C /* Assets.xcassets in Resources */ = {isa = PBXBuildFile; fileRef = 85E53656263790C90072BC0C /* Assets.xcassets */; };
		85E5365A263790C90072BC0C /* Preview Assets.xcassets in Resources */ = {isa = PBXBuildFile; fileRef = 85E53659263790C90072BC0C /* Preview Assets.xcassets */; };
		85E536712637923E0072BC0C /* TimetableListView.swift in Sources */ = {isa = PBXBuildFile; fileRef = 85E536702637923E0072BC0C /* TimetableListView.swift */; };
		85E5367E2638176F0072BC0C /* Extensions.swift in Sources */ = {isa = PBXBuildFile; fileRef = 85E5367D2638176F0072BC0C /* Extensions.swift */; };
		85E5368326381A8C0072BC0C /* ClassInfoView.swift in Sources */ = {isa = PBXBuildFile; fileRef = 85E5368226381A8C0072BC0C /* ClassInfoView.swift */; };
		85E5368826381DA20072BC0C /* locations.json in Resources */ = {isa = PBXBuildFile; fileRef = 85E5368726381DA20072BC0C /* locations.json */; };
		85E5368D26381EA70072BC0C /* WeekListView.swift in Sources */ = {isa = PBXBuildFile; fileRef = 85E5368C26381EA70072BC0C /* WeekListView.swift */; };
/* End PBXBuildFile section */

/* Begin PBXContainerItemProxy section */
		85E53641263790C60072BC0C /* PBXContainerItemProxy */ = {
			isa = PBXContainerItemProxy;
			containerPortal = 85E53628263790C20072BC0C /* Project object */;
			proxyType = 1;
			remoteGlobalIDString = 85E5363E263790C60072BC0C;
			remoteInfo = "LesmillsNZ WatchKit App";
		};
		85E5364D263790C70072BC0C /* PBXContainerItemProxy */ = {
			isa = PBXContainerItemProxy;
			containerPortal = 85E53628263790C20072BC0C /* Project object */;
			proxyType = 1;
			remoteGlobalIDString = 85E5364A263790C70072BC0C;
			remoteInfo = "LesmillsNZ WatchKit Extension";
		};
/* End PBXContainerItemProxy section */

/* Begin PBXCopyFilesBuildPhase section */
		85E53661263790C90072BC0C /* Embed App Extensions */ = {
			isa = PBXCopyFilesBuildPhase;
			buildActionMask = 2147483647;
			dstPath = "";
			dstSubfolderSpec = 13;
			files = (
				85E5364C263790C70072BC0C /* LesmillsNZ WatchKit Extension.appex in Embed App Extensions */,
			);
			name = "Embed App Extensions";
			runOnlyForDeploymentPostprocessing = 0;
		};
		85E53665263790C90072BC0C /* Embed Watch Content */ = {
			isa = PBXCopyFilesBuildPhase;
			buildActionMask = 2147483647;
			dstPath = "$(CONTENTS_FOLDER_PATH)/Watch";
			dstSubfolderSpec = 16;
			files = (
				85E53640263790C60072BC0C /* LesmillsNZ WatchKit App.app in Embed Watch Content */,
			);
			name = "Embed Watch Content";
			runOnlyForDeploymentPostprocessing = 0;
		};
/* End PBXCopyFilesBuildPhase section */

/* Begin PBXFileReference section */
		85196F60263E2F790071997A /* FitnessClassModel.swift */ = {isa = PBXFileReference; lastKnownFileType = sourcecode.swift; path = FitnessClassModel.swift; sourceTree = "<group>"; };
		853E784B263C0CE0004E92F2 /* TimetableRequest.swift */ = {isa = PBXFileReference; lastKnownFileType = sourcecode.swift; path = TimetableRequest.swift; sourceTree = "<group>"; };
		8592127526396667006260D9 /* LoadingScreenView.swift */ = {isa = PBXFileReference; lastKnownFileType = sourcecode.swift; path = LoadingScreenView.swift; sourceTree = "<group>"; };
		8592128026396D76006260D9 /* LocationsModel.swift */ = {isa = PBXFileReference; lastKnownFileType = sourcecode.swift; path = LocationsModel.swift; sourceTree = "<group>"; };
		859B73D22639053B00AC82C4 /* ClubLocationsView.swift */ = {isa = PBXFileReference; lastKnownFileType = sourcecode.swift; path = ClubLocationsView.swift; sourceTree = "<group>"; };
		85CCE266263A05B100698EEF /* Model.swift */ = {isa = PBXFileReference; lastKnownFileType = sourcecode.swift; path = Model.swift; sourceTree = "<group>"; };
		85E53630263790C30072BC0C /* LesmillsNZ.app */ = {isa = PBXFileReference; explicitFileType = wrapper.application; includeInIndex = 0; path = LesmillsNZ.app; sourceTree = BUILT_PRODUCTS_DIR; };
		85E53633263790C30072BC0C /* LesmillsNZApp.swift */ = {isa = PBXFileReference; lastKnownFileType = sourcecode.swift; path = LesmillsNZApp.swift; sourceTree = "<group>"; };
		85E53635263790C30072BC0C /* ContentView.swift */ = {isa = PBXFileReference; lastKnownFileType = sourcecode.swift; path = ContentView.swift; sourceTree = "<group>"; };
		85E53637263790C60072BC0C /* Assets.xcassets */ = {isa = PBXFileReference; lastKnownFileType = folder.assetcatalog; path = Assets.xcassets; sourceTree = "<group>"; };
		85E5363A263790C60072BC0C /* Preview Assets.xcassets */ = {isa = PBXFileReference; lastKnownFileType = folder.assetcatalog; path = "Preview Assets.xcassets"; sourceTree = "<group>"; };
		85E5363C263790C60072BC0C /* Info.plist */ = {isa = PBXFileReference; lastKnownFileType = text.plist.xml; path = Info.plist; sourceTree = "<group>"; };
		85E5363F263790C60072BC0C /* LesmillsNZ WatchKit App.app */ = {isa = PBXFileReference; explicitFileType = wrapper.application; includeInIndex = 0; path = "LesmillsNZ WatchKit App.app"; sourceTree = BUILT_PRODUCTS_DIR; };
		85E53644263790C70072BC0C /* Assets.xcassets */ = {isa = PBXFileReference; lastKnownFileType = folder.assetcatalog; path = Assets.xcassets; sourceTree = "<group>"; };
		85E53646263790C70072BC0C /* Info.plist */ = {isa = PBXFileReference; lastKnownFileType = text.plist.xml; path = Info.plist; sourceTree = "<group>"; };
		85E5364B263790C70072BC0C /* LesmillsNZ WatchKit Extension.appex */ = {isa = PBXFileReference; explicitFileType = "wrapper.app-extension"; includeInIndex = 0; path = "LesmillsNZ WatchKit Extension.appex"; sourceTree = BUILT_PRODUCTS_DIR; };
		85E53650263790C70072BC0C /* ContentView.swift */ = {isa = PBXFileReference; lastKnownFileType = sourcecode.swift; path = ContentView.swift; sourceTree = "<group>"; };
		85E53652263790C70072BC0C /* LesmillsNZApp.swift */ = {isa = PBXFileReference; lastKnownFileType = sourcecode.swift; path = LesmillsNZApp.swift; sourceTree = "<group>"; };
		85E53654263790C70072BC0C /* ComplicationController.swift */ = {isa = PBXFileReference; lastKnownFileType = sourcecode.swift; path = ComplicationController.swift; sourceTree = "<group>"; };
		85E53656263790C90072BC0C /* Assets.xcassets */ = {isa = PBXFileReference; lastKnownFileType = folder.assetcatalog; path = Assets.xcassets; sourceTree = "<group>"; };
		85E53659263790C90072BC0C /* Preview Assets.xcassets */ = {isa = PBXFileReference; lastKnownFileType = folder.assetcatalog; path = "Preview Assets.xcassets"; sourceTree = "<group>"; };
		85E5365B263790C90072BC0C /* Info.plist */ = {isa = PBXFileReference; lastKnownFileType = text.plist.xml; path = Info.plist; sourceTree = "<group>"; };
		85E536702637923E0072BC0C /* TimetableListView.swift */ = {isa = PBXFileReference; lastKnownFileType = sourcecode.swift; path = TimetableListView.swift; sourceTree = "<group>"; };
		85E5367D2638176F0072BC0C /* Extensions.swift */ = {isa = PBXFileReference; lastKnownFileType = sourcecode.swift; path = Extensions.swift; sourceTree = "<group>"; };
		85E5368226381A8C0072BC0C /* ClassInfoView.swift */ = {isa = PBXFileReference; lastKnownFileType = sourcecode.swift; path = ClassInfoView.swift; sourceTree = "<group>"; };
		85E5368726381DA20072BC0C /* locations.json */ = {isa = PBXFileReference; lastKnownFileType = text.json; path = locations.json; sourceTree = "<group>"; };
		85E5368C26381EA70072BC0C /* WeekListView.swift */ = {isa = PBXFileReference; lastKnownFileType = sourcecode.swift; path = WeekListView.swift; sourceTree = "<group>"; };
/* End PBXFileReference section */

/* Begin PBXFrameworksBuildPhase section */
		85E5362D263790C30072BC0C /* Frameworks */ = {
			isa = PBXFrameworksBuildPhase;
			buildActionMask = 2147483647;
			files = (
			);
			runOnlyForDeploymentPostprocessing = 0;
		};
		85E53648263790C70072BC0C /* Frameworks */ = {
			isa = PBXFrameworksBuildPhase;
			buildActionMask = 2147483647;
			files = (
			);
			runOnlyForDeploymentPostprocessing = 0;
		};
/* End PBXFrameworksBuildPhase section */

/* Begin PBXGroup section */
		85196F65263E2F860071997A /* Models */ = {
			isa = PBXGroup;
			children = (
				8592128026396D76006260D9 /* LocationsModel.swift */,
				85196F60263E2F790071997A /* FitnessClassModel.swift */,
				85CCE266263A05B100698EEF /* Model.swift */,
			);
			path = Models;
			sourceTree = "<group>";
		};
		85E53627263790C20072BC0C = {
			isa = PBXGroup;
			children = (
				85E53632263790C30072BC0C /* LesmillsNZ */,
				85E53643263790C60072BC0C /* LesmillsNZ WatchKit App */,
				85E5364F263790C70072BC0C /* LesmillsNZ WatchKit Extension */,
				85E53631263790C30072BC0C /* Products */,
			);
			sourceTree = "<group>";
		};
		85E53631263790C30072BC0C /* Products */ = {
			isa = PBXGroup;
			children = (
				85E53630263790C30072BC0C /* LesmillsNZ.app */,
				85E5363F263790C60072BC0C /* LesmillsNZ WatchKit App.app */,
				85E5364B263790C70072BC0C /* LesmillsNZ WatchKit Extension.appex */,
			);
			name = Products;
			sourceTree = "<group>";
		};
		85E53632263790C30072BC0C /* LesmillsNZ */ = {
			isa = PBXGroup;
			children = (
				85E53637263790C60072BC0C /* Assets.xcassets */,
				85E53633263790C30072BC0C /* LesmillsNZApp.swift */,
				85E53635263790C30072BC0C /* ContentView.swift */,
				85E5363C263790C60072BC0C /* Info.plist */,
				85E53639263790C60072BC0C /* Preview Content */,
			);
			path = LesmillsNZ;
			sourceTree = "<group>";
		};
		85E53639263790C60072BC0C /* Preview Content */ = {
			isa = PBXGroup;
			children = (
				85E5363A263790C60072BC0C /* Preview Assets.xcassets */,
			);
			path = "Preview Content";
			sourceTree = "<group>";
		};
		85E53643263790C60072BC0C /* LesmillsNZ WatchKit App */ = {
			isa = PBXGroup;
			children = (
				85E53644263790C70072BC0C /* Assets.xcassets */,
				85E53646263790C70072BC0C /* Info.plist */,
			);
			path = "LesmillsNZ WatchKit App";
			sourceTree = "<group>";
		};
		85E5364F263790C70072BC0C /* LesmillsNZ WatchKit Extension */ = {
			isa = PBXGroup;
			children = (
				85E53656263790C90072BC0C /* Assets.xcassets */,
				85E5368726381DA20072BC0C /* locations.json */,
				85E53654263790C70072BC0C /* ComplicationController.swift */,
				85E53652263790C70072BC0C /* LesmillsNZApp.swift */,
				85E5367D2638176F0072BC0C /* Extensions.swift */,
				853E784B263C0CE0004E92F2 /* TimetableRequest.swift */,
				85196F65263E2F860071997A /* Models */,
				85E5366F263791FE0072BC0C /* Views */,
				85E5365B263790C90072BC0C /* Info.plist */,
				85E53658263790C90072BC0C /* Preview Content */,
			);
			path = "LesmillsNZ WatchKit Extension";
			sourceTree = "<group>";
		};
		85E53658263790C90072BC0C /* Preview Content */ = {
			isa = PBXGroup;
			children = (
				85E53659263790C90072BC0C /* Preview Assets.xcassets */,
			);
			path = "Preview Content";
			sourceTree = "<group>";
		};
		85E5366F263791FE0072BC0C /* Views */ = {
			isa = PBXGroup;
			children = (
				85E53650263790C70072BC0C /* ContentView.swift */,
				85E5368C26381EA70072BC0C /* WeekListView.swift */,
				859B73D22639053B00AC82C4 /* ClubLocationsView.swift */,
				85E536702637923E0072BC0C /* TimetableListView.swift */,
				85E5368226381A8C0072BC0C /* ClassInfoView.swift */,
				8592127526396667006260D9 /* LoadingScreenView.swift */,
			);
			path = Views;
			sourceTree = "<group>";
		};
/* End PBXGroup section */

/* Begin PBXNativeTarget section */
		85E5362F263790C30072BC0C /* LesmillsNZ */ = {
			isa = PBXNativeTarget;
			buildConfigurationList = 85E53666263790C90072BC0C /* Build configuration list for PBXNativeTarget "LesmillsNZ" */;
			buildPhases = (
				85E5362C263790C30072BC0C /* Sources */,
				85E5362D263790C30072BC0C /* Frameworks */,
				85E5362E263790C30072BC0C /* Resources */,
				85E53665263790C90072BC0C /* Embed Watch Content */,
			);
			buildRules = (
			);
			dependencies = (
				85E53642263790C60072BC0C /* PBXTargetDependency */,
			);
			name = LesmillsNZ;
			productName = LesmillsNZ;
			productReference = 85E53630263790C30072BC0C /* LesmillsNZ.app */;
			productType = "com.apple.product-type.application";
		};
		85E5363E263790C60072BC0C /* LesmillsNZ WatchKit App */ = {
			isa = PBXNativeTarget;
			buildConfigurationList = 85E53662263790C90072BC0C /* Build configuration list for PBXNativeTarget "LesmillsNZ WatchKit App" */;
			buildPhases = (
				85E5363D263790C60072BC0C /* Resources */,
				85E53661263790C90072BC0C /* Embed App Extensions */,
			);
			buildRules = (
			);
			dependencies = (
				85E5364E263790C70072BC0C /* PBXTargetDependency */,
			);
			name = "LesmillsNZ WatchKit App";
			productName = "LesmillsNZ WatchKit App";
			productReference = 85E5363F263790C60072BC0C /* LesmillsNZ WatchKit App.app */;
			productType = "com.apple.product-type.application.watchapp2";
		};
		85E5364A263790C70072BC0C /* LesmillsNZ WatchKit Extension */ = {
			isa = PBXNativeTarget;
			buildConfigurationList = 85E5365E263790C90072BC0C /* Build configuration list for PBXNativeTarget "LesmillsNZ WatchKit Extension" */;
			buildPhases = (
				85E53647263790C70072BC0C /* Sources */,
				85E53648263790C70072BC0C /* Frameworks */,
				85E53649263790C70072BC0C /* Resources */,
			);
			buildRules = (
			);
			dependencies = (
			);
			name = "LesmillsNZ WatchKit Extension";
			productName = "LesmillsNZ WatchKit Extension";
			productReference = 85E5364B263790C70072BC0C /* LesmillsNZ WatchKit Extension.appex */;
			productType = "com.apple.product-type.watchkit2-extension";
		};
/* End PBXNativeTarget section */

/* Begin PBXProject section */
		85E53628263790C20072BC0C /* Project object */ = {
			isa = PBXProject;
			attributes = {
				LastSwiftUpdateCheck = 1240;
				LastUpgradeCheck = 1240;
				TargetAttributes = {
					85E5362F263790C30072BC0C = {
						CreatedOnToolsVersion = 12.4;
					};
					85E5363E263790C60072BC0C = {
						CreatedOnToolsVersion = 12.4;
					};
					85E5364A263790C70072BC0C = {
						CreatedOnToolsVersion = 12.4;
					};
				};
			};
			buildConfigurationList = 85E5362B263790C20072BC0C /* Build configuration list for PBXProject "LesmillsNZ" */;
			compatibilityVersion = "Xcode 9.3";
			developmentRegion = en;
			hasScannedForEncodings = 0;
			knownRegions = (
				en,
				Base,
			);
			mainGroup = 85E53627263790C20072BC0C;
			productRefGroup = 85E53631263790C30072BC0C /* Products */;
			projectDirPath = "";
			projectRoot = "";
			targets = (
				85E5362F263790C30072BC0C /* LesmillsNZ */,
				85E5363E263790C60072BC0C /* LesmillsNZ WatchKit App */,
				85E5364A263790C70072BC0C /* LesmillsNZ WatchKit Extension */,
			);
		};
/* End PBXProject section */

/* Begin PBXResourcesBuildPhase section */
		85E5362E263790C30072BC0C /* Resources */ = {
			isa = PBXResourcesBuildPhase;
			buildActionMask = 2147483647;
			files = (
				85E5363B263790C60072BC0C /* Preview Assets.xcassets in Resources */,
				85E53638263790C60072BC0C /* Assets.xcassets in Resources */,
			);
			runOnlyForDeploymentPostprocessing = 0;
		};
		85E5363D263790C60072BC0C /* Resources */ = {
			isa = PBXResourcesBuildPhase;
			buildActionMask = 2147483647;
			files = (
				85E53645263790C70072BC0C /* Assets.xcassets in Resources */,
			);
			runOnlyForDeploymentPostprocessing = 0;
		};
		85E53649263790C70072BC0C /* Resources */ = {
			isa = PBXResourcesBuildPhase;
			buildActionMask = 2147483647;
			files = (
				85E5365A263790C90072BC0C /* Preview Assets.xcassets in Resources */,
				85E5368826381DA20072BC0C /* locations.json in Resources */,
				85E53657263790C90072BC0C /* Assets.xcassets in Resources */,
			);
			runOnlyForDeploymentPostprocessing = 0;
		};
/* End PBXResourcesBuildPhase section */

/* Begin PBXSourcesBuildPhase section */
		85E5362C263790C30072BC0C /* Sources */ = {
			isa = PBXSourcesBuildPhase;
			buildActionMask = 2147483647;
			files = (
				85E53636263790C30072BC0C /* ContentView.swift in Sources */,
				85E53634263790C30072BC0C /* LesmillsNZApp.swift in Sources */,
			);
			runOnlyForDeploymentPostprocessing = 0;
		};
		85E53647263790C70072BC0C /* Sources */ = {
			isa = PBXSourcesBuildPhase;
			buildActionMask = 2147483647;
			files = (
				859B73D32639053B00AC82C4 /* ClubLocationsView.swift in Sources */,
				8592127626396667006260D9 /* LoadingScreenView.swift in Sources */,
				85E5368D26381EA70072BC0C /* WeekListView.swift in Sources */,
				85E536712637923E0072BC0C /* TimetableListView.swift in Sources */,
				85196F61263E2F790071997A /* FitnessClassModel.swift in Sources */,
				85E5368326381A8C0072BC0C /* ClassInfoView.swift in Sources */,
				853E7850263C0CE5004E92F2 /* TimetableRequest.swift in Sources */,
				85E5367E2638176F0072BC0C /* Extensions.swift in Sources */,
				85E53653263790C70072BC0C /* LesmillsNZApp.swift in Sources */,
				85E53651263790C70072BC0C /* ContentView.swift in Sources */,
				85CCE26B263A05B900698EEF /* Model.swift in Sources */,
				8592128126396D76006260D9 /* LocationsModel.swift in Sources */,
				85E53655263790C70072BC0C /* ComplicationController.swift in Sources */,
			);
			runOnlyForDeploymentPostprocessing = 0;
		};
/* End PBXSourcesBuildPhase section */

/* Begin PBXTargetDependency section */
		85E53642263790C60072BC0C /* PBXTargetDependency */ = {
			isa = PBXTargetDependency;
			target = 85E5363E263790C60072BC0C /* LesmillsNZ WatchKit App */;
			targetProxy = 85E53641263790C60072BC0C /* PBXContainerItemProxy */;
		};
		85E5364E263790C70072BC0C /* PBXTargetDependency */ = {
			isa = PBXTargetDependency;
			target = 85E5364A263790C70072BC0C /* LesmillsNZ WatchKit Extension */;
			targetProxy = 85E5364D263790C70072BC0C /* PBXContainerItemProxy */;
		};
/* End PBXTargetDependency section */

/* Begin XCBuildConfiguration section */
		85E5365C263790C90072BC0C /* Debug */ = {
			isa = XCBuildConfiguration;
			buildSettings = {
				ALWAYS_SEARCH_USER_PATHS = NO;
				CLANG_ANALYZER_NONNULL = YES;
				CLANG_ANALYZER_NUMBER_OBJECT_CONVERSION = YES_AGGRESSIVE;
				CLANG_CXX_LANGUAGE_STANDARD = "gnu++14";
				CLANG_CXX_LIBRARY = "libc++";
				CLANG_ENABLE_MODULES = YES;
				CLANG_ENABLE_OBJC_ARC = YES;
				CLANG_ENABLE_OBJC_WEAK = YES;
				CLANG_WARN_BLOCK_CAPTURE_AUTORELEASING = YES;
				CLANG_WARN_BOOL_CONVERSION = YES;
				CLANG_WARN_COMMA = YES;
				CLANG_WARN_CONSTANT_CONVERSION = YES;
				CLANG_WARN_DEPRECATED_OBJC_IMPLEMENTATIONS = YES;
				CLANG_WARN_DIRECT_OBJC_ISA_USAGE = YES_ERROR;
				CLANG_WARN_DOCUMENTATION_COMMENTS = YES;
				CLANG_WARN_EMPTY_BODY = YES;
				CLANG_WARN_ENUM_CONVERSION = YES;
				CLANG_WARN_INFINITE_RECURSION = YES;
				CLANG_WARN_INT_CONVERSION = YES;
				CLANG_WARN_NON_LITERAL_NULL_CONVERSION = YES;
				CLANG_WARN_OBJC_IMPLICIT_RETAIN_SELF = YES;
				CLANG_WARN_OBJC_LITERAL_CONVERSION = YES;
				CLANG_WARN_OBJC_ROOT_CLASS = YES_ERROR;
				CLANG_WARN_QUOTED_INCLUDE_IN_FRAMEWORK_HEADER = YES;
				CLANG_WARN_RANGE_LOOP_ANALYSIS = YES;
				CLANG_WARN_STRICT_PROTOTYPES = YES;
				CLANG_WARN_SUSPICIOUS_MOVE = YES;
				CLANG_WARN_UNGUARDED_AVAILABILITY = YES_AGGRESSIVE;
				CLANG_WARN_UNREACHABLE_CODE = YES;
				CLANG_WARN__DUPLICATE_METHOD_MATCH = YES;
				COPY_PHASE_STRIP = NO;
				DEBUG_INFORMATION_FORMAT = dwarf;
				ENABLE_STRICT_OBJC_MSGSEND = YES;
				ENABLE_TESTABILITY = YES;
				GCC_C_LANGUAGE_STANDARD = gnu11;
				GCC_DYNAMIC_NO_PIC = NO;
				GCC_NO_COMMON_BLOCKS = YES;
				GCC_OPTIMIZATION_LEVEL = 0;
				GCC_PREPROCESSOR_DEFINITIONS = (
					"DEBUG=1",
					"$(inherited)",
				);
				GCC_WARN_64_TO_32_BIT_CONVERSION = YES;
				GCC_WARN_ABOUT_RETURN_TYPE = YES_ERROR;
				GCC_WARN_UNDECLARED_SELECTOR = YES;
				GCC_WARN_UNINITIALIZED_AUTOS = YES_AGGRESSIVE;
				GCC_WARN_UNUSED_FUNCTION = YES;
				GCC_WARN_UNUSED_VARIABLE = YES;
				MTL_ENABLE_DEBUG_INFO = INCLUDE_SOURCE;
				MTL_FAST_MATH = YES;
				ONLY_ACTIVE_ARCH = YES;
				SWIFT_ACTIVE_COMPILATION_CONDITIONS = DEBUG;
				SWIFT_OPTIMIZATION_LEVEL = "-Onone";
			};
			name = Debug;
		};
		85E5365D263790C90072BC0C /* Release */ = {
			isa = XCBuildConfiguration;
			buildSettings = {
				ALWAYS_SEARCH_USER_PATHS = NO;
				CLANG_ANALYZER_NONNULL = YES;
				CLANG_ANALYZER_NUMBER_OBJECT_CONVERSION = YES_AGGRESSIVE;
				CLANG_CXX_LANGUAGE_STANDARD = "gnu++14";
				CLANG_CXX_LIBRARY = "libc++";
				CLANG_ENABLE_MODULES = YES;
				CLANG_ENABLE_OBJC_ARC = YES;
				CLANG_ENABLE_OBJC_WEAK = YES;
				CLANG_WARN_BLOCK_CAPTURE_AUTORELEASING = YES;
				CLANG_WARN_BOOL_CONVERSION = YES;
				CLANG_WARN_COMMA = YES;
				CLANG_WARN_CONSTANT_CONVERSION = YES;
				CLANG_WARN_DEPRECATED_OBJC_IMPLEMENTATIONS = YES;
				CLANG_WARN_DIRECT_OBJC_ISA_USAGE = YES_ERROR;
				CLANG_WARN_DOCUMENTATION_COMMENTS = YES;
				CLANG_WARN_EMPTY_BODY = YES;
				CLANG_WARN_ENUM_CONVERSION = YES;
				CLANG_WARN_INFINITE_RECURSION = YES;
				CLANG_WARN_INT_CONVERSION = YES;
				CLANG_WARN_NON_LITERAL_NULL_CONVERSION = YES;
				CLANG_WARN_OBJC_IMPLICIT_RETAIN_SELF = YES;
				CLANG_WARN_OBJC_LITERAL_CONVERSION = YES;
				CLANG_WARN_OBJC_ROOT_CLASS = YES_ERROR;
				CLANG_WARN_QUOTED_INCLUDE_IN_FRAMEWORK_HEADER = YES;
				CLANG_WARN_RANGE_LOOP_ANALYSIS = YES;
				CLANG_WARN_STRICT_PROTOTYPES = YES;
				CLANG_WARN_SUSPICIOUS_MOVE = YES;
				CLANG_WARN_UNGUARDED_AVAILABILITY = YES_AGGRESSIVE;
				CLANG_WARN_UNREACHABLE_CODE = YES;
				CLANG_WARN__DUPLICATE_METHOD_MATCH = YES;
				COPY_PHASE_STRIP = NO;
				DEBUG_INFORMATION_FORMAT = "dwarf-with-dsym";
				ENABLE_NS_ASSERTIONS = NO;
				ENABLE_STRICT_OBJC_MSGSEND = YES;
				GCC_C_LANGUAGE_STANDARD = gnu11;
				GCC_NO_COMMON_BLOCKS = YES;
				GCC_WARN_64_TO_32_BIT_CONVERSION = YES;
				GCC_WARN_ABOUT_RETURN_TYPE = YES_ERROR;
				GCC_WARN_UNDECLARED_SELECTOR = YES;
				GCC_WARN_UNINITIALIZED_AUTOS = YES_AGGRESSIVE;
				GCC_WARN_UNUSED_FUNCTION = YES;
				GCC_WARN_UNUSED_VARIABLE = YES;
				MTL_ENABLE_DEBUG_INFO = NO;
				MTL_FAST_MATH = YES;
				SWIFT_COMPILATION_MODE = wholemodule;
				SWIFT_OPTIMIZATION_LEVEL = "-O";
			};
			name = Release;
		};
		85E5365F263790C90072BC0C /* Debug */ = {
			isa = XCBuildConfiguration;
			buildSettings = {
				ASSETCATALOG_COMPILER_COMPLICATION_NAME = Complication;
				CODE_SIGN_STYLE = Automatic;
				DEVELOPMENT_ASSET_PATHS = "\"LesmillsNZ WatchKit Extension/Preview Content\"";
				DEVELOPMENT_TEAM = GT3U58M9W4;
				ENABLE_PREVIEWS = YES;
				INFOPLIST_FILE = "LesmillsNZ WatchKit Extension/Info.plist";
				LD_RUNPATH_SEARCH_PATHS = (
					"$(inherited)",
					"@executable_path/Frameworks",
					"@executable_path/../../Frameworks",
				);
				MARKETING_VERSION = 1.1;
				PRODUCT_BUNDLE_IDENTIFIER = nz.co.lesmillsNZ.LesmillsNZ.watchkitapp.watchkitextension;
				PRODUCT_NAME = "${TARGET_NAME}";
				SDKROOT = watchos;
				SKIP_INSTALL = YES;
				SWIFT_VERSION = 5.0;
				TARGETED_DEVICE_FAMILY = 4;
				WATCHOS_DEPLOYMENT_TARGET = 7.2;
			};
			name = Debug;
		};
		85E53660263790C90072BC0C /* Release */ = {
			isa = XCBuildConfiguration;
			buildSettings = {
				ASSETCATALOG_COMPILER_COMPLICATION_NAME = Complication;
				CODE_SIGN_STYLE = Automatic;
				DEVELOPMENT_ASSET_PATHS = "\"LesmillsNZ WatchKit Extension/Preview Content\"";
				DEVELOPMENT_TEAM = GT3U58M9W4;
				ENABLE_PREVIEWS = YES;
				INFOPLIST_FILE = "LesmillsNZ WatchKit Extension/Info.plist";
				LD_RUNPATH_SEARCH_PATHS = (
					"$(inherited)",
					"@executable_path/Frameworks",
					"@executable_path/../../Frameworks",
				);
				MARKETING_VERSION = 1.1;
				PRODUCT_BUNDLE_IDENTIFIER = nz.co.lesmillsNZ.LesmillsNZ.watchkitapp.watchkitextension;
				PRODUCT_NAME = "${TARGET_NAME}";
				SDKROOT = watchos;
				SKIP_INSTALL = YES;
				SWIFT_VERSION = 5.0;
				TARGETED_DEVICE_FAMILY = 4;
				VALIDATE_PRODUCT = YES;
				WATCHOS_DEPLOYMENT_TARGET = 7.2;
			};
			name = Release;
		};
		85E53663263790C90072BC0C /* Debug */ = {
			isa = XCBuildConfiguration;
			buildSettings = {
				ALWAYS_EMBED_SWIFT_STANDARD_LIBRARIES = YES;
				ASSETCATALOG_COMPILER_APPICON_NAME = AppIcon;
				ASSETCATALOG_COMPILER_GLOBAL_ACCENT_COLOR_NAME = AccentColor;
				CODE_SIGN_STYLE = Automatic;
				DEVELOPMENT_TEAM = GT3U58M9W4;
				IBSC_MODULE = LesmillsNZ_WatchKit_Extension;
				INFOPLIST_FILE = "LesmillsNZ WatchKit App/Info.plist";
				MARKETING_VERSION = 1.1;
				PRODUCT_BUNDLE_IDENTIFIER = nz.co.lesmillsNZ.LesmillsNZ.watchkitapp;
				PRODUCT_NAME = "$(TARGET_NAME)";
				SDKROOT = watchos;
				SKIP_INSTALL = YES;
				SWIFT_VERSION = 5.0;
				TARGETED_DEVICE_FAMILY = 4;
				WATCHOS_DEPLOYMENT_TARGET = 7.2;
			};
			name = Debug;
		};
		85E53664263790C90072BC0C /* Release */ = {
			isa = XCBuildConfiguration;
			buildSettings = {
				ALWAYS_EMBED_SWIFT_STANDARD_LIBRARIES = YES;
				ASSETCATALOG_COMPILER_APPICON_NAME = AppIcon;
				ASSETCATALOG_COMPILER_GLOBAL_ACCENT_COLOR_NAME = AccentColor;
				CODE_SIGN_STYLE = Automatic;
				DEVELOPMENT_TEAM = GT3U58M9W4;
				IBSC_MODULE = LesmillsNZ_WatchKit_Extension;
				INFOPLIST_FILE = "LesmillsNZ WatchKit App/Info.plist";
				MARKETING_VERSION = 1.1;
				PRODUCT_BUNDLE_IDENTIFIER = nz.co.lesmillsNZ.LesmillsNZ.watchkitapp;
				PRODUCT_NAME = "$(TARGET_NAME)";
				SDKROOT = watchos;
				SKIP_INSTALL = YES;
				SWIFT_VERSION = 5.0;
				TARGETED_DEVICE_FAMILY = 4;
				VALIDATE_PRODUCT = YES;
				WATCHOS_DEPLOYMENT_TARGET = 7.2;
			};
			name = Release;
		};
		85E53667263790C90072BC0C /* Debug */ = {
			isa = XCBuildConfiguration;
			buildSettings = {
				ASSETCATALOG_COMPILER_APPICON_NAME = AppIcon;
				ASSETCATALOG_COMPILER_GLOBAL_ACCENT_COLOR_NAME = AccentColor;
				CODE_SIGN_STYLE = Automatic;
				DEVELOPMENT_ASSET_PATHS = "\"LesmillsNZ/Preview Content\"";
				DEVELOPMENT_TEAM = GT3U58M9W4;
				ENABLE_PREVIEWS = YES;
				INFOPLIST_FILE = LesmillsNZ/Info.plist;
				IPHONEOS_DEPLOYMENT_TARGET = 14.4;
				LD_RUNPATH_SEARCH_PATHS = (
					"$(inherited)",
					"@executable_path/Frameworks",
				);
				MARKETING_VERSION = 1.1;
				PRODUCT_BUNDLE_IDENTIFIER = nz.co.lesmillsNZ.LesmillsNZ;
				PRODUCT_NAME = "$(TARGET_NAME)";
				SDKROOT = iphoneos;
				SWIFT_VERSION = 5.0;
				TARGETED_DEVICE_FAMILY = "1,2";
			};
			name = Debug;
		};
		85E53668263790C90072BC0C /* Release */ = {
			isa = XCBuildConfiguration;
			buildSettings = {
				ASSETCATALOG_COMPILER_APPICON_NAME = AppIcon;
				ASSETCATALOG_COMPILER_GLOBAL_ACCENT_COLOR_NAME = AccentColor;
				CODE_SIGN_STYLE = Automatic;
				DEVELOPMENT_ASSET_PATHS = "\"LesmillsNZ/Preview Content\"";
				DEVELOPMENT_TEAM = GT3U58M9W4;
				ENABLE_PREVIEWS = YES;
				INFOPLIST_FILE = LesmillsNZ/Info.plist;
				IPHONEOS_DEPLOYMENT_TARGET = 14.4;
				LD_RUNPATH_SEARCH_PATHS = (
					"$(inherited)",
					"@executable_path/Frameworks",
				);
				MARKETING_VERSION = 1.1;
				PRODUCT_BUNDLE_IDENTIFIER = nz.co.lesmillsNZ.LesmillsNZ;
				PRODUCT_NAME = "$(TARGET_NAME)";
				SDKROOT = iphoneos;
				SWIFT_VERSION = 5.0;
				TARGETED_DEVICE_FAMILY = "1,2";
				VALIDATE_PRODUCT = YES;
			};
			name = Release;
		};
/* End XCBuildConfiguration section */

/* Begin XCConfigurationList section */
		85E5362B263790C20072BC0C /* Build configuration list for PBXProject "LesmillsNZ" */ = {
			isa = XCConfigurationList;
			buildConfigurations = (
				85E5365C263790C90072BC0C /* Debug */,
				85E5365D263790C90072BC0C /* Release */,
			);
			defaultConfigurationIsVisible = 0;
			defaultConfigurationName = Release;
		};
		85E5365E263790C90072BC0C /* Build configuration list for PBXNativeTarget "LesmillsNZ WatchKit Extension" */ = {
			isa = XCConfigurationList;
			buildConfigurations = (
				85E5365F263790C90072BC0C /* Debug */,
				85E53660263790C90072BC0C /* Release */,
			);
			defaultConfigurationIsVisible = 0;
			defaultConfigurationName = Release;
		};
		85E53662263790C90072BC0C /* Build configuration list for PBXNativeTarget "LesmillsNZ WatchKit App" */ = {
			isa = XCConfigurationList;
			buildConfigurations = (
				85E53663263790C90072BC0C /* Debug */,
				85E53664263790C90072BC0C /* Release */,
			);
			defaultConfigurationIsVisible = 0;
			defaultConfigurationName = Release;
		};
		85E53666263790C90072BC0C /* Build configuration list for PBXNativeTarget "LesmillsNZ" */ = {
			isa = XCConfigurationList;
			buildConfigurations = (
				85E53667263790C90072BC0C /* Debug */,
				85E53668263790C90072BC0C /* Release */,
			);
			defaultConfigurationIsVisible = 0;
			defaultConfigurationName = Release;
		};
/* End XCConfigurationList section */
	};
	rootObject = 85E53628263790C20072BC0C /* Project object */;
}
