// !$*UTF8*$!
{
	archiveVersion = 1;
	classes = {
	};
	objectVersion = 50;
	objects = {

/* Begin PBXBuildFile section */
		851096F625DB4B850002295E /* TimetableRequest.swift in Sources */ = {isa = PBXBuildFile; fileRef = 851096F525DB4B850002295E /* TimetableRequest.swift */; };
		8510970125DB89650002295E /* LocationsListView.swift in Sources */ = {isa = PBXBuildFile; fileRef = 8510970025DB89650002295E /* LocationsListView.swift */; };
		8534476625E389D500FF167C /* Utilities.swift in Sources */ = {isa = PBXBuildFile; fileRef = 8534476525E389D500FF167C /* Utilities.swift */; };
		85440DD025D7D1AB003567D9 /* WorkoutInfoView.swift in Sources */ = {isa = PBXBuildFile; fileRef = 85440DCF25D7D1AB003567D9 /* WorkoutInfoView.swift */; };
		85440DD525D7D1BF003567D9 /* WorkoutRowView.swift in Sources */ = {isa = PBXBuildFile; fileRef = 85440DD425D7D1BF003567D9 /* WorkoutRowView.swift */; };
		85440DDD25D92B00003567D9 /* ScheduleListView.swift in Sources */ = {isa = PBXBuildFile; fileRef = 85440DDC25D92B00003567D9 /* ScheduleListView.swift */; };
		8589D0BA25EC397C00006C53 /* ComplicationController.swift in Sources */ = {isa = PBXBuildFile; fileRef = 8589D0B925EC397C00006C53 /* ComplicationController.swift */; };
		85AC5BA525D7CC890014D4F3 /* LesmillsNZApp.swift in Sources */ = {isa = PBXBuildFile; fileRef = 85AC5BA425D7CC890014D4F3 /* LesmillsNZApp.swift */; };
		85AC5BA725D7CC890014D4F3 /* ContentView.swift in Sources */ = {isa = PBXBuildFile; fileRef = 85AC5BA625D7CC890014D4F3 /* ContentView.swift */; };
		85AC5BA925D7CC8C0014D4F3 /* Assets.xcassets in Resources */ = {isa = PBXBuildFile; fileRef = 85AC5BA825D7CC8C0014D4F3 /* Assets.xcassets */; };
		85AC5BAC25D7CC8C0014D4F3 /* Preview Assets.xcassets in Resources */ = {isa = PBXBuildFile; fileRef = 85AC5BAB25D7CC8C0014D4F3 /* Preview Assets.xcassets */; };
		85AC5BB125D7CC8C0014D4F3 /* LesmillsNZ WatchKit App.app in Embed Watch Content */ = {isa = PBXBuildFile; fileRef = 85AC5BB025D7CC8C0014D4F3 /* LesmillsNZ WatchKit App.app */; settings = {ATTRIBUTES = (RemoveHeadersOnCopy, ); }; };
		85AC5BB625D7CC8E0014D4F3 /* Assets.xcassets in Resources */ = {isa = PBXBuildFile; fileRef = 85AC5BB525D7CC8E0014D4F3 /* Assets.xcassets */; };
		85AC5BBD25D7CC8F0014D4F3 /* LesmillsNZ WatchKit Extension.appex in Embed App Extensions */ = {isa = PBXBuildFile; fileRef = 85AC5BBC25D7CC8F0014D4F3 /* LesmillsNZ WatchKit Extension.appex */; settings = {ATTRIBUTES = (RemoveHeadersOnCopy, ); }; };
		85AC5BC225D7CC8F0014D4F3 /* TimetableListView.swift in Sources */ = {isa = PBXBuildFile; fileRef = 85AC5BC125D7CC8F0014D4F3 /* TimetableListView.swift */; };
		85AC5BC425D7CC8F0014D4F3 /* LesmillsNZApp.swift in Sources */ = {isa = PBXBuildFile; fileRef = 85AC5BC325D7CC8F0014D4F3 /* LesmillsNZApp.swift */; };
		85AC5BC825D7CC910014D4F3 /* Assets.xcassets in Resources */ = {isa = PBXBuildFile; fileRef = 85AC5BC725D7CC910014D4F3 /* Assets.xcassets */; };
		85AC5BCB25D7CC910014D4F3 /* Preview Assets.xcassets in Resources */ = {isa = PBXBuildFile; fileRef = 85AC5BCA25D7CC910014D4F3 /* Preview Assets.xcassets */; };
		85AE6F1A25DB8ACE002D9F28 /* Locations.swift in Sources */ = {isa = PBXBuildFile; fileRef = 85AE6F1925DB8ACE002D9F28 /* Locations.swift */; };
		85AE6F2525DB8D70002D9F28 /* locations.json in Resources */ = {isa = PBXBuildFile; fileRef = 85AE6F2425DB8D70002D9F28 /* locations.json */; };
		85E4A2A825DD232800D90DCE /* FitnessClass.swift in Sources */ = {isa = PBXBuildFile; fileRef = 85E4A2A325DD232400D90DCE /* FitnessClass.swift */; };
		85E4A2B025DE6F2A00D90DCE /* LoadingView.swift in Sources */ = {isa = PBXBuildFile; fileRef = 85E4A2AF25DE6F2A00D90DCE /* LoadingView.swift */; };
		85E4A2BB25DF1FD800D90DCE /* FitnessClasses.swift in Sources */ = {isa = PBXBuildFile; fileRef = 85E4A2BA25DF1FD800D90DCE /* FitnessClasses.swift */; };
		85E4A2C025DFA35000D90DCE /* Model.swift in Sources */ = {isa = PBXBuildFile; fileRef = 85E4A2BF25DFA35000D90DCE /* Model.swift */; };
		85E4A2C825DFC53B00D90DCE /* MainView.swift in Sources */ = {isa = PBXBuildFile; fileRef = 85E4A2C725DFC53B00D90DCE /* MainView.swift */; };
/* End PBXBuildFile section */

/* Begin PBXContainerItemProxy section */
		85AC5BB225D7CC8C0014D4F3 /* PBXContainerItemProxy */ = {
			isa = PBXContainerItemProxy;
			containerPortal = 85AC5B9925D7CC890014D4F3 /* Project object */;
			proxyType = 1;
			remoteGlobalIDString = 85AC5BAF25D7CC8C0014D4F3;
			remoteInfo = "LesmillsNZ WatchKit App";
		};
		85AC5BBE25D7CC8F0014D4F3 /* PBXContainerItemProxy */ = {
			isa = PBXContainerItemProxy;
			containerPortal = 85AC5B9925D7CC890014D4F3 /* Project object */;
			proxyType = 1;
			remoteGlobalIDString = 85AC5BBB25D7CC8F0014D4F3;
			remoteInfo = "LesmillsNZ WatchKit Extension";
		};
/* End PBXContainerItemProxy section */

/* Begin PBXCopyFilesBuildPhase section */
		85AC5BD225D7CC910014D4F3 /* Embed App Extensions */ = {
			isa = PBXCopyFilesBuildPhase;
			buildActionMask = 2147483647;
			dstPath = "";
			dstSubfolderSpec = 13;
			files = (
				85AC5BBD25D7CC8F0014D4F3 /* LesmillsNZ WatchKit Extension.appex in Embed App Extensions */,
			);
			name = "Embed App Extensions";
			runOnlyForDeploymentPostprocessing = 0;
		};
		85AC5BD625D7CC910014D4F3 /* Embed Watch Content */ = {
			isa = PBXCopyFilesBuildPhase;
			buildActionMask = 2147483647;
			dstPath = "$(CONTENTS_FOLDER_PATH)/Watch";
			dstSubfolderSpec = 16;
			files = (
				85AC5BB125D7CC8C0014D4F3 /* LesmillsNZ WatchKit App.app in Embed Watch Content */,
			);
			name = "Embed Watch Content";
			runOnlyForDeploymentPostprocessing = 0;
		};
/* End PBXCopyFilesBuildPhase section */

/* Begin PBXFileReference section */
		851096F525DB4B850002295E /* TimetableRequest.swift */ = {isa = PBXFileReference; lastKnownFileType = sourcecode.swift; path = TimetableRequest.swift; sourceTree = "<group>"; };
		8510970025DB89650002295E /* LocationsListView.swift */ = {isa = PBXFileReference; lastKnownFileType = sourcecode.swift; path = LocationsListView.swift; sourceTree = "<group>"; };
		8534476525E389D500FF167C /* Utilities.swift */ = {isa = PBXFileReference; lastKnownFileType = sourcecode.swift; path = Utilities.swift; sourceTree = "<group>"; };
		85440DCF25D7D1AB003567D9 /* WorkoutInfoView.swift */ = {isa = PBXFileReference; lastKnownFileType = sourcecode.swift; path = WorkoutInfoView.swift; sourceTree = "<group>"; };
		85440DD425D7D1BF003567D9 /* WorkoutRowView.swift */ = {isa = PBXFileReference; lastKnownFileType = sourcecode.swift; path = WorkoutRowView.swift; sourceTree = "<group>"; };
		85440DDC25D92B00003567D9 /* ScheduleListView.swift */ = {isa = PBXFileReference; lastKnownFileType = sourcecode.swift; path = ScheduleListView.swift; sourceTree = "<group>"; };
		8589D0B925EC397C00006C53 /* ComplicationController.swift */ = {isa = PBXFileReference; fileEncoding = 4; lastKnownFileType = sourcecode.swift; path = ComplicationController.swift; sourceTree = "<group>"; };
		85AC5BA125D7CC890014D4F3 /* LesmillsNZ.app */ = {isa = PBXFileReference; explicitFileType = wrapper.application; includeInIndex = 0; path = LesmillsNZ.app; sourceTree = BUILT_PRODUCTS_DIR; };
		85AC5BA425D7CC890014D4F3 /* LesmillsNZApp.swift */ = {isa = PBXFileReference; lastKnownFileType = sourcecode.swift; path = LesmillsNZApp.swift; sourceTree = "<group>"; };
		85AC5BA625D7CC890014D4F3 /* ContentView.swift */ = {isa = PBXFileReference; lastKnownFileType = sourcecode.swift; path = ContentView.swift; sourceTree = "<group>"; };
		85AC5BA825D7CC8C0014D4F3 /* Assets.xcassets */ = {isa = PBXFileReference; lastKnownFileType = folder.assetcatalog; path = Assets.xcassets; sourceTree = "<group>"; };
		85AC5BAB25D7CC8C0014D4F3 /* Preview Assets.xcassets */ = {isa = PBXFileReference; lastKnownFileType = folder.assetcatalog; path = "Preview Assets.xcassets"; sourceTree = "<group>"; };
		85AC5BAD25D7CC8C0014D4F3 /* Info.plist */ = {isa = PBXFileReference; lastKnownFileType = text.plist.xml; path = Info.plist; sourceTree = "<group>"; };
		85AC5BB025D7CC8C0014D4F3 /* LesmillsNZ WatchKit App.app */ = {isa = PBXFileReference; explicitFileType = wrapper.application; includeInIndex = 0; path = "LesmillsNZ WatchKit App.app"; sourceTree = BUILT_PRODUCTS_DIR; };
		85AC5BB525D7CC8E0014D4F3 /* Assets.xcassets */ = {isa = PBXFileReference; lastKnownFileType = folder.assetcatalog; path = Assets.xcassets; sourceTree = "<group>"; };
		85AC5BB725D7CC8E0014D4F3 /* Info.plist */ = {isa = PBXFileReference; lastKnownFileType = text.plist.xml; path = Info.plist; sourceTree = "<group>"; };
		85AC5BBC25D7CC8F0014D4F3 /* LesmillsNZ WatchKit Extension.appex */ = {isa = PBXFileReference; explicitFileType = "wrapper.app-extension"; includeInIndex = 0; path = "LesmillsNZ WatchKit Extension.appex"; sourceTree = BUILT_PRODUCTS_DIR; };
		85AC5BC125D7CC8F0014D4F3 /* TimetableListView.swift */ = {isa = PBXFileReference; lastKnownFileType = sourcecode.swift; path = TimetableListView.swift; sourceTree = "<group>"; };
		85AC5BC325D7CC8F0014D4F3 /* LesmillsNZApp.swift */ = {isa = PBXFileReference; lastKnownFileType = sourcecode.swift; path = LesmillsNZApp.swift; sourceTree = "<group>"; };
		85AC5BC725D7CC910014D4F3 /* Assets.xcassets */ = {isa = PBXFileReference; lastKnownFileType = folder.assetcatalog; path = Assets.xcassets; sourceTree = "<group>"; };
		85AC5BCA25D7CC910014D4F3 /* Preview Assets.xcassets */ = {isa = PBXFileReference; lastKnownFileType = folder.assetcatalog; path = "Preview Assets.xcassets"; sourceTree = "<group>"; };
		85AC5BCC25D7CC910014D4F3 /* Info.plist */ = {isa = PBXFileReference; lastKnownFileType = text.plist.xml; path = Info.plist; sourceTree = "<group>"; };
		85AE6F1925DB8ACE002D9F28 /* Locations.swift */ = {isa = PBXFileReference; lastKnownFileType = sourcecode.swift; path = Locations.swift; sourceTree = "<group>"; };
		85AE6F2425DB8D70002D9F28 /* locations.json */ = {isa = PBXFileReference; lastKnownFileType = text.json; path = locations.json; sourceTree = "<group>"; xcLanguageSpecificationIdentifier = xcode.lang.json; };
		85E4A2A325DD232400D90DCE /* FitnessClass.swift */ = {isa = PBXFileReference; lastKnownFileType = sourcecode.swift; path = FitnessClass.swift; sourceTree = "<group>"; };
		85E4A2AF25DE6F2A00D90DCE /* LoadingView.swift */ = {isa = PBXFileReference; lastKnownFileType = sourcecode.swift; path = LoadingView.swift; sourceTree = "<group>"; };
		85E4A2BA25DF1FD800D90DCE /* FitnessClasses.swift */ = {isa = PBXFileReference; fileEncoding = 4; lastKnownFileType = sourcecode.swift; path = FitnessClasses.swift; sourceTree = "<group>"; };
		85E4A2BF25DFA35000D90DCE /* Model.swift */ = {isa = PBXFileReference; lastKnownFileType = sourcecode.swift; path = Model.swift; sourceTree = "<group>"; };
		85E4A2C725DFC53B00D90DCE /* MainView.swift */ = {isa = PBXFileReference; lastKnownFileType = sourcecode.swift; path = MainView.swift; sourceTree = "<group>"; };
/* End PBXFileReference section */

/* Begin PBXFrameworksBuildPhase section */
		85AC5B9E25D7CC890014D4F3 /* Frameworks */ = {
			isa = PBXFrameworksBuildPhase;
			buildActionMask = 2147483647;
			files = (
			);
			runOnlyForDeploymentPostprocessing = 0;
		};
		85AC5BB925D7CC8F0014D4F3 /* Frameworks */ = {
			isa = PBXFrameworksBuildPhase;
			buildActionMask = 2147483647;
			files = (
			);
			runOnlyForDeploymentPostprocessing = 0;
		};
/* End PBXFrameworksBuildPhase section */

/* Begin PBXGroup section */
		85AC5B9825D7CC890014D4F3 = {
			isa = PBXGroup;
			children = (
				85AC5BA325D7CC890014D4F3 /* LesmillsNZ */,
				85AC5BB425D7CC8D0014D4F3 /* LesmillsNZ WatchKit App */,
				85AC5BC025D7CC8F0014D4F3 /* LesmillsNZ WatchKit Extension */,
				85AC5BA225D7CC890014D4F3 /* Products */,
			);
			sourceTree = "<group>";
		};
		85AC5BA225D7CC890014D4F3 /* Products */ = {
			isa = PBXGroup;
			children = (
				85AC5BA125D7CC890014D4F3 /* LesmillsNZ.app */,
				85AC5BB025D7CC8C0014D4F3 /* LesmillsNZ WatchKit App.app */,
				85AC5BBC25D7CC8F0014D4F3 /* LesmillsNZ WatchKit Extension.appex */,
			);
			name = Products;
			sourceTree = "<group>";
		};
		85AC5BA325D7CC890014D4F3 /* LesmillsNZ */ = {
			isa = PBXGroup;
			children = (
				85AC5BA425D7CC890014D4F3 /* LesmillsNZApp.swift */,
				85AC5BA625D7CC890014D4F3 /* ContentView.swift */,
				85AC5BA825D7CC8C0014D4F3 /* Assets.xcassets */,
				85AC5BAD25D7CC8C0014D4F3 /* Info.plist */,
				85AC5BAA25D7CC8C0014D4F3 /* Preview Content */,
			);
			path = LesmillsNZ;
			sourceTree = "<group>";
		};
		85AC5BAA25D7CC8C0014D4F3 /* Preview Content */ = {
			isa = PBXGroup;
			children = (
				85AC5BAB25D7CC8C0014D4F3 /* Preview Assets.xcassets */,
			);
			path = "Preview Content";
			sourceTree = "<group>";
		};
		85AC5BB425D7CC8D0014D4F3 /* LesmillsNZ WatchKit App */ = {
			isa = PBXGroup;
			children = (
				85AC5BB525D7CC8E0014D4F3 /* Assets.xcassets */,
				85AC5BB725D7CC8E0014D4F3 /* Info.plist */,
			);
			path = "LesmillsNZ WatchKit App";
			sourceTree = "<group>";
		};
		85AC5BC025D7CC8F0014D4F3 /* LesmillsNZ WatchKit Extension */ = {
			isa = PBXGroup;
			children = (
				85AC5BC325D7CC8F0014D4F3 /* LesmillsNZApp.swift */,
				8589D0B925EC397C00006C53 /* ComplicationController.swift */,
				85AC5BC725D7CC910014D4F3 /* Assets.xcassets */,
				85AE6F2425DB8D70002D9F28 /* locations.json */,
				85AC5BCC25D7CC910014D4F3 /* Info.plist */,
				85AC5BC925D7CC910014D4F3 /* Preview Content */,
				8534476525E389D500FF167C /* Utilities.swift */,
				85E4A2BF25DFA35000D90DCE /* Model.swift */,
				85AE6F1925DB8ACE002D9F28 /* Locations.swift */,
				851096F525DB4B850002295E /* TimetableRequest.swift */,
				85E4A2A325DD232400D90DCE /* FitnessClass.swift */,
				85E4A2BA25DF1FD800D90DCE /* FitnessClasses.swift */,
				85E4A2C725DFC53B00D90DCE /* MainView.swift */,
				85E4A2AF25DE6F2A00D90DCE /* LoadingView.swift */,
				8510970025DB89650002295E /* LocationsListView.swift */,
				85440DDC25D92B00003567D9 /* ScheduleListView.swift */,
				85AC5BC125D7CC8F0014D4F3 /* TimetableListView.swift */,
				85440DCF25D7D1AB003567D9 /* WorkoutInfoView.swift */,
				85440DD425D7D1BF003567D9 /* WorkoutRowView.swift */,
			);
			path = "LesmillsNZ WatchKit Extension";
			sourceTree = "<group>";
		};
		85AC5BC925D7CC910014D4F3 /* Preview Content */ = {
			isa = PBXGroup;
			children = (
				85AC5BCA25D7CC910014D4F3 /* Preview Assets.xcassets */,
			);
			path = "Preview Content";
			sourceTree = "<group>";
		};
/* End PBXGroup section */

/* Begin PBXNativeTarget section */
		85AC5BA025D7CC890014D4F3 /* LesmillsNZ */ = {
			isa = PBXNativeTarget;
			buildConfigurationList = 85AC5BD725D7CC910014D4F3 /* Build configuration list for PBXNativeTarget "LesmillsNZ" */;
			buildPhases = (
				85AC5B9D25D7CC890014D4F3 /* Sources */,
				85AC5B9E25D7CC890014D4F3 /* Frameworks */,
				85AC5B9F25D7CC890014D4F3 /* Resources */,
				85AC5BD625D7CC910014D4F3 /* Embed Watch Content */,
			);
			buildRules = (
			);
			dependencies = (
				85AC5BB325D7CC8C0014D4F3 /* PBXTargetDependency */,
			);
			name = LesmillsNZ;
			productName = LesmillsNZ;
			productReference = 85AC5BA125D7CC890014D4F3 /* LesmillsNZ.app */;
			productType = "com.apple.product-type.application";
		};
		85AC5BAF25D7CC8C0014D4F3 /* LesmillsNZ WatchKit App */ = {
			isa = PBXNativeTarget;
			buildConfigurationList = 85AC5BD325D7CC910014D4F3 /* Build configuration list for PBXNativeTarget "LesmillsNZ WatchKit App" */;
			buildPhases = (
				85AC5BAE25D7CC8C0014D4F3 /* Resources */,
				85AC5BD225D7CC910014D4F3 /* Embed App Extensions */,
			);
			buildRules = (
			);
			dependencies = (
				85AC5BBF25D7CC8F0014D4F3 /* PBXTargetDependency */,
			);
			name = "LesmillsNZ WatchKit App";
			productName = "LesmillsNZ WatchKit App";
			productReference = 85AC5BB025D7CC8C0014D4F3 /* LesmillsNZ WatchKit App.app */;
			productType = "com.apple.product-type.application.watchapp2";
		};
		85AC5BBB25D7CC8F0014D4F3 /* LesmillsNZ WatchKit Extension */ = {
			isa = PBXNativeTarget;
			buildConfigurationList = 85AC5BCF25D7CC910014D4F3 /* Build configuration list for PBXNativeTarget "LesmillsNZ WatchKit Extension" */;
			buildPhases = (
				85AC5BB825D7CC8F0014D4F3 /* Sources */,
				85AC5BB925D7CC8F0014D4F3 /* Frameworks */,
				85AC5BBA25D7CC8F0014D4F3 /* Resources */,
			);
			buildRules = (
			);
			dependencies = (
			);
			name = "LesmillsNZ WatchKit Extension";
			productName = "LesmillsNZ WatchKit Extension";
			productReference = 85AC5BBC25D7CC8F0014D4F3 /* LesmillsNZ WatchKit Extension.appex */;
			productType = "com.apple.product-type.watchkit2-extension";
		};
/* End PBXNativeTarget section */

/* Begin PBXProject section */
		85AC5B9925D7CC890014D4F3 /* Project object */ = {
			isa = PBXProject;
			attributes = {
				LastSwiftUpdateCheck = 1240;
				LastUpgradeCheck = 1240;
				TargetAttributes = {
					85AC5BA025D7CC890014D4F3 = {
						CreatedOnToolsVersion = 12.4;
					};
					85AC5BAF25D7CC8C0014D4F3 = {
						CreatedOnToolsVersion = 12.4;
					};
					85AC5BBB25D7CC8F0014D4F3 = {
						CreatedOnToolsVersion = 12.4;
					};
				};
			};
			buildConfigurationList = 85AC5B9C25D7CC890014D4F3 /* Build configuration list for PBXProject "LesmillsNZ" */;
			compatibilityVersion = "Xcode 9.3";
			developmentRegion = en;
			hasScannedForEncodings = 0;
			knownRegions = (
				en,
				Base,
			);
			mainGroup = 85AC5B9825D7CC890014D4F3;
			productRefGroup = 85AC5BA225D7CC890014D4F3 /* Products */;
			projectDirPath = "";
			projectRoot = "";
			targets = (
				85AC5BA025D7CC890014D4F3 /* LesmillsNZ */,
				85AC5BAF25D7CC8C0014D4F3 /* LesmillsNZ WatchKit App */,
				85AC5BBB25D7CC8F0014D4F3 /* LesmillsNZ WatchKit Extension */,
			);
		};
/* End PBXProject section */

/* Begin PBXResourcesBuildPhase section */
		85AC5B9F25D7CC890014D4F3 /* Resources */ = {
			isa = PBXResourcesBuildPhase;
			buildActionMask = 2147483647;
			files = (
				85AC5BAC25D7CC8C0014D4F3 /* Preview Assets.xcassets in Resources */,
				85AC5BA925D7CC8C0014D4F3 /* Assets.xcassets in Resources */,
			);
			runOnlyForDeploymentPostprocessing = 0;
		};
		85AC5BAE25D7CC8C0014D4F3 /* Resources */ = {
			isa = PBXResourcesBuildPhase;
			buildActionMask = 2147483647;
			files = (
				85AC5BB625D7CC8E0014D4F3 /* Assets.xcassets in Resources */,
			);
			runOnlyForDeploymentPostprocessing = 0;
		};
		85AC5BBA25D7CC8F0014D4F3 /* Resources */ = {
			isa = PBXResourcesBuildPhase;
			buildActionMask = 2147483647;
			files = (
				85AC5BCB25D7CC910014D4F3 /* Preview Assets.xcassets in Resources */,
				85AE6F2525DB8D70002D9F28 /* locations.json in Resources */,
				85AC5BC825D7CC910014D4F3 /* Assets.xcassets in Resources */,
			);
			runOnlyForDeploymentPostprocessing = 0;
		};
/* End PBXResourcesBuildPhase section */

/* Begin PBXSourcesBuildPhase section */
		85AC5B9D25D7CC890014D4F3 /* Sources */ = {
			isa = PBXSourcesBuildPhase;
			buildActionMask = 2147483647;
			files = (
				85AC5BA725D7CC890014D4F3 /* ContentView.swift in Sources */,
				85AC5BA525D7CC890014D4F3 /* LesmillsNZApp.swift in Sources */,
			);
			runOnlyForDeploymentPostprocessing = 0;
		};
		85AC5BB825D7CC8F0014D4F3 /* Sources */ = {
			isa = PBXSourcesBuildPhase;
			buildActionMask = 2147483647;
			files = (
				8534476625E389D500FF167C /* Utilities.swift in Sources */,
				85AC5BC425D7CC8F0014D4F3 /* LesmillsNZApp.swift in Sources */,
				85E4A2C825DFC53B00D90DCE /* MainView.swift in Sources */,
				85440DD525D7D1BF003567D9 /* WorkoutRowView.swift in Sources */,
				85E4A2C025DFA35000D90DCE /* Model.swift in Sources */,
				85AC5BC225D7CC8F0014D4F3 /* TimetableListView.swift in Sources */,
				85E4A2A825DD232800D90DCE /* FitnessClass.swift in Sources */,
				85E4A2B025DE6F2A00D90DCE /* LoadingView.swift in Sources */,
				85E4A2BB25DF1FD800D90DCE /* FitnessClasses.swift in Sources */,
				85AE6F1A25DB8ACE002D9F28 /* Locations.swift in Sources */,
				85440DDD25D92B00003567D9 /* ScheduleListView.swift in Sources */,
				85440DD025D7D1AB003567D9 /* WorkoutInfoView.swift in Sources */,
				8589D0BA25EC397C00006C53 /* ComplicationController.swift in Sources */,
				8510970125DB89650002295E /* LocationsListView.swift in Sources */,
				851096F625DB4B850002295E /* TimetableRequest.swift in Sources */,
			);
			runOnlyForDeploymentPostprocessing = 0;
		};
/* End PBXSourcesBuildPhase section */

/* Begin PBXTargetDependency section */
		85AC5BB325D7CC8C0014D4F3 /* PBXTargetDependency */ = {
			isa = PBXTargetDependency;
			target = 85AC5BAF25D7CC8C0014D4F3 /* LesmillsNZ WatchKit App */;
			targetProxy = 85AC5BB225D7CC8C0014D4F3 /* PBXContainerItemProxy */;
		};
		85AC5BBF25D7CC8F0014D4F3 /* PBXTargetDependency */ = {
			isa = PBXTargetDependency;
			target = 85AC5BBB25D7CC8F0014D4F3 /* LesmillsNZ WatchKit Extension */;
			targetProxy = 85AC5BBE25D7CC8F0014D4F3 /* PBXContainerItemProxy */;
		};
/* End PBXTargetDependency section */

/* Begin XCBuildConfiguration section */
		85AC5BCD25D7CC910014D4F3 /* Debug */ = {
			isa = XCBuildConfiguration;
			buildSettings = {
				ALWAYS_SEARCH_USER_PATHS = NO;
				CLANG_ANALYZER_NONNULL = YES;
				CLANG_ANALYZER_NUMBER_OBJECT_CONVERSION = YES_AGGRESSIVE;
				CLANG_CXX_LANGUAGE_STANDARD = "gnu++14";
				CLANG_CXX_LIBRARY = "libc++";
				CLANG_ENABLE_MODULES = YES;
				CLANG_ENABLE_OBJC_ARC = YES;
				CLANG_ENABLE_OBJC_WEAK = YES;
				CLANG_WARN_BLOCK_CAPTURE_AUTORELEASING = YES;
				CLANG_WARN_BOOL_CONVERSION = YES;
				CLANG_WARN_COMMA = YES;
				CLANG_WARN_CONSTANT_CONVERSION = YES;
				CLANG_WARN_DEPRECATED_OBJC_IMPLEMENTATIONS = YES;
				CLANG_WARN_DIRECT_OBJC_ISA_USAGE = YES_ERROR;
				CLANG_WARN_DOCUMENTATION_COMMENTS = YES;
				CLANG_WARN_EMPTY_BODY = YES;
				CLANG_WARN_ENUM_CONVERSION = YES;
				CLANG_WARN_INFINITE_RECURSION = YES;
				CLANG_WARN_INT_CONVERSION = YES;
				CLANG_WARN_NON_LITERAL_NULL_CONVERSION = YES;
				CLANG_WARN_OBJC_IMPLICIT_RETAIN_SELF = YES;
				CLANG_WARN_OBJC_LITERAL_CONVERSION = YES;
				CLANG_WARN_OBJC_ROOT_CLASS = YES_ERROR;
				CLANG_WARN_QUOTED_INCLUDE_IN_FRAMEWORK_HEADER = YES;
				CLANG_WARN_RANGE_LOOP_ANALYSIS = YES;
				CLANG_WARN_STRICT_PROTOTYPES = YES;
				CLANG_WARN_SUSPICIOUS_MOVE = YES;
				CLANG_WARN_UNGUARDED_AVAILABILITY = YES_AGGRESSIVE;
				CLANG_WARN_UNREACHABLE_CODE = YES;
				CLANG_WARN__DUPLICATE_METHOD_MATCH = YES;
				COPY_PHASE_STRIP = NO;
				DEBUG_INFORMATION_FORMAT = dwarf;
				ENABLE_STRICT_OBJC_MSGSEND = YES;
				ENABLE_TESTABILITY = YES;
				GCC_C_LANGUAGE_STANDARD = gnu11;
				GCC_DYNAMIC_NO_PIC = NO;
				GCC_NO_COMMON_BLOCKS = YES;
				GCC_OPTIMIZATION_LEVEL = 0;
				GCC_PREPROCESSOR_DEFINITIONS = (
					"DEBUG=1",
					"$(inherited)",
				);
				GCC_WARN_64_TO_32_BIT_CONVERSION = YES;
				GCC_WARN_ABOUT_RETURN_TYPE = YES_ERROR;
				GCC_WARN_UNDECLARED_SELECTOR = YES;
				GCC_WARN_UNINITIALIZED_AUTOS = YES_AGGRESSIVE;
				GCC_WARN_UNUSED_FUNCTION = YES;
				GCC_WARN_UNUSED_VARIABLE = YES;
				MTL_ENABLE_DEBUG_INFO = INCLUDE_SOURCE;
				MTL_FAST_MATH = YES;
				ONLY_ACTIVE_ARCH = YES;
				SWIFT_ACTIVE_COMPILATION_CONDITIONS = DEBUG;
				SWIFT_OPTIMIZATION_LEVEL = "-Onone";
			};
			name = Debug;
		};
		85AC5BCE25D7CC910014D4F3 /* Release */ = {
			isa = XCBuildConfiguration;
			buildSettings = {
				ALWAYS_SEARCH_USER_PATHS = NO;
				CLANG_ANALYZER_NONNULL = YES;
				CLANG_ANALYZER_NUMBER_OBJECT_CONVERSION = YES_AGGRESSIVE;
				CLANG_CXX_LANGUAGE_STANDARD = "gnu++14";
				CLANG_CXX_LIBRARY = "libc++";
				CLANG_ENABLE_MODULES = YES;
				CLANG_ENABLE_OBJC_ARC = YES;
				CLANG_ENABLE_OBJC_WEAK = YES;
				CLANG_WARN_BLOCK_CAPTURE_AUTORELEASING = YES;
				CLANG_WARN_BOOL_CONVERSION = YES;
				CLANG_WARN_COMMA = YES;
				CLANG_WARN_CONSTANT_CONVERSION = YES;
				CLANG_WARN_DEPRECATED_OBJC_IMPLEMENTATIONS = YES;
				CLANG_WARN_DIRECT_OBJC_ISA_USAGE = YES_ERROR;
				CLANG_WARN_DOCUMENTATION_COMMENTS = YES;
				CLANG_WARN_EMPTY_BODY = YES;
				CLANG_WARN_ENUM_CONVERSION = YES;
				CLANG_WARN_INFINITE_RECURSION = YES;
				CLANG_WARN_INT_CONVERSION = YES;
				CLANG_WARN_NON_LITERAL_NULL_CONVERSION = YES;
				CLANG_WARN_OBJC_IMPLICIT_RETAIN_SELF = YES;
				CLANG_WARN_OBJC_LITERAL_CONVERSION = YES;
				CLANG_WARN_OBJC_ROOT_CLASS = YES_ERROR;
				CLANG_WARN_QUOTED_INCLUDE_IN_FRAMEWORK_HEADER = YES;
				CLANG_WARN_RANGE_LOOP_ANALYSIS = YES;
				CLANG_WARN_STRICT_PROTOTYPES = YES;
				CLANG_WARN_SUSPICIOUS_MOVE = YES;
				CLANG_WARN_UNGUARDED_AVAILABILITY = YES_AGGRESSIVE;
				CLANG_WARN_UNREACHABLE_CODE = YES;
				CLANG_WARN__DUPLICATE_METHOD_MATCH = YES;
				COPY_PHASE_STRIP = NO;
				DEBUG_INFORMATION_FORMAT = "dwarf-with-dsym";
				ENABLE_NS_ASSERTIONS = NO;
				ENABLE_STRICT_OBJC_MSGSEND = YES;
				GCC_C_LANGUAGE_STANDARD = gnu11;
				GCC_NO_COMMON_BLOCKS = YES;
				GCC_WARN_64_TO_32_BIT_CONVERSION = YES;
				GCC_WARN_ABOUT_RETURN_TYPE = YES_ERROR;
				GCC_WARN_UNDECLARED_SELECTOR = YES;
				GCC_WARN_UNINITIALIZED_AUTOS = YES_AGGRESSIVE;
				GCC_WARN_UNUSED_FUNCTION = YES;
				GCC_WARN_UNUSED_VARIABLE = YES;
				MTL_ENABLE_DEBUG_INFO = NO;
				MTL_FAST_MATH = YES;
				SWIFT_COMPILATION_MODE = wholemodule;
				SWIFT_OPTIMIZATION_LEVEL = "-O";
			};
			name = Release;
		};
		85AC5BD025D7CC910014D4F3 /* Debug */ = {
			isa = XCBuildConfiguration;
			buildSettings = {
				ASSETCATALOG_COMPILER_COMPLICATION_NAME = Complication;
				CODE_SIGN_STYLE = Automatic;
				DEVELOPMENT_ASSET_PATHS = "\"LesmillsNZ WatchKit Extension/Preview Content\"";
				DEVELOPMENT_TEAM = GT3U58M9W4;
				ENABLE_PREVIEWS = YES;
				INFOPLIST_FILE = "LesmillsNZ WatchKit Extension/Info.plist";
				LD_RUNPATH_SEARCH_PATHS = (
					"$(inherited)",
					"@executable_path/Frameworks",
					"@executable_path/../../Frameworks",
				);
				PRODUCT_BUNDLE_IDENTIFIER = com.johnnyChan.LesmillsNZ.watchkitapp.watchkitextension;
				PRODUCT_NAME = "${TARGET_NAME}";
				SDKROOT = watchos;
				SKIP_INSTALL = YES;
				SWIFT_VERSION = 5.0;
				TARGETED_DEVICE_FAMILY = 4;
				WATCHOS_DEPLOYMENT_TARGET = 7.2;
			};
			name = Debug;
		};
		85AC5BD125D7CC910014D4F3 /* Release */ = {
			isa = XCBuildConfiguration;
			buildSettings = {
				ASSETCATALOG_COMPILER_COMPLICATION_NAME = Complication;
				CODE_SIGN_STYLE = Automatic;
				DEVELOPMENT_ASSET_PATHS = "\"LesmillsNZ WatchKit Extension/Preview Content\"";
				DEVELOPMENT_TEAM = GT3U58M9W4;
				ENABLE_PREVIEWS = YES;
				INFOPLIST_FILE = "LesmillsNZ WatchKit Extension/Info.plist";
				LD_RUNPATH_SEARCH_PATHS = (
					"$(inherited)",
					"@executable_path/Frameworks",
					"@executable_path/../../Frameworks",
				);
				PRODUCT_BUNDLE_IDENTIFIER = com.johnnyChan.LesmillsNZ.watchkitapp.watchkitextension;
				PRODUCT_NAME = "${TARGET_NAME}";
				SDKROOT = watchos;
				SKIP_INSTALL = YES;
				SWIFT_VERSION = 5.0;
				TARGETED_DEVICE_FAMILY = 4;
				VALIDATE_PRODUCT = YES;
				WATCHOS_DEPLOYMENT_TARGET = 7.2;
			};
			name = Release;
		};
		85AC5BD425D7CC910014D4F3 /* Debug */ = {
			isa = XCBuildConfiguration;
			buildSettings = {
				ALWAYS_EMBED_SWIFT_STANDARD_LIBRARIES = YES;
				ASSETCATALOG_COMPILER_APPICON_NAME = AppIcon;
				ASSETCATALOG_COMPILER_GLOBAL_ACCENT_COLOR_NAME = AccentColor;
				CODE_SIGN_STYLE = Automatic;
				DEVELOPMENT_TEAM = GT3U58M9W4;
				IBSC_MODULE = LesmillsNZ_WatchKit_Extension;
				INFOPLIST_FILE = "LesmillsNZ WatchKit App/Info.plist";
				PRODUCT_BUNDLE_IDENTIFIER = com.johnnyChan.LesmillsNZ.watchkitapp;
				PRODUCT_NAME = "$(TARGET_NAME)";
				SDKROOT = watchos;
				SKIP_INSTALL = YES;
				SWIFT_VERSION = 5.0;
				TARGETED_DEVICE_FAMILY = 4;
				WATCHOS_DEPLOYMENT_TARGET = 7.2;
			};
			name = Debug;
		};
		85AC5BD525D7CC910014D4F3 /* Release */ = {
			isa = XCBuildConfiguration;
			buildSettings = {
				ALWAYS_EMBED_SWIFT_STANDARD_LIBRARIES = YES;
				ASSETCATALOG_COMPILER_APPICON_NAME = AppIcon;
				ASSETCATALOG_COMPILER_GLOBAL_ACCENT_COLOR_NAME = AccentColor;
				CODE_SIGN_STYLE = Automatic;
				DEVELOPMENT_TEAM = GT3U58M9W4;
				IBSC_MODULE = LesmillsNZ_WatchKit_Extension;
				INFOPLIST_FILE = "LesmillsNZ WatchKit App/Info.plist";
				PRODUCT_BUNDLE_IDENTIFIER = com.johnnyChan.LesmillsNZ.watchkitapp;
				PRODUCT_NAME = "$(TARGET_NAME)";
				SDKROOT = watchos;
				SKIP_INSTALL = YES;
				SWIFT_VERSION = 5.0;
				TARGETED_DEVICE_FAMILY = 4;
				VALIDATE_PRODUCT = YES;
				WATCHOS_DEPLOYMENT_TARGET = 7.2;
			};
			name = Release;
		};
		85AC5BD825D7CC910014D4F3 /* Debug */ = {
			isa = XCBuildConfiguration;
			buildSettings = {
				ASSETCATALOG_COMPILER_APPICON_NAME = AppIcon;
				ASSETCATALOG_COMPILER_GLOBAL_ACCENT_COLOR_NAME = AccentColor;
				CODE_SIGN_STYLE = Automatic;
				DEVELOPMENT_ASSET_PATHS = "\"LesmillsNZ/Preview Content\"";
				DEVELOPMENT_TEAM = GT3U58M9W4;
				ENABLE_PREVIEWS = YES;
				INFOPLIST_FILE = LesmillsNZ/Info.plist;
				IPHONEOS_DEPLOYMENT_TARGET = 14.4;
				LD_RUNPATH_SEARCH_PATHS = (
					"$(inherited)",
					"@executable_path/Frameworks",
				);
				PRODUCT_BUNDLE_IDENTIFIER = com.johnnyChan.LesmillsNZ;
				PRODUCT_NAME = "$(TARGET_NAME)";
				SDKROOT = iphoneos;
				SWIFT_VERSION = 5.0;
				TARGETED_DEVICE_FAMILY = "1,2";
			};
			name = Debug;
		};
		85AC5BD925D7CC910014D4F3 /* Release */ = {
			isa = XCBuildConfiguration;
			buildSettings = {
				ASSETCATALOG_COMPILER_APPICON_NAME = AppIcon;
				ASSETCATALOG_COMPILER_GLOBAL_ACCENT_COLOR_NAME = AccentColor;
				CODE_SIGN_STYLE = Automatic;
				DEVELOPMENT_ASSET_PATHS = "\"LesmillsNZ/Preview Content\"";
				DEVELOPMENT_TEAM = GT3U58M9W4;
				ENABLE_PREVIEWS = YES;
				INFOPLIST_FILE = LesmillsNZ/Info.plist;
				IPHONEOS_DEPLOYMENT_TARGET = 14.4;
				LD_RUNPATH_SEARCH_PATHS = (
					"$(inherited)",
					"@executable_path/Frameworks",
				);
				PRODUCT_BUNDLE_IDENTIFIER = com.johnnyChan.LesmillsNZ;
				PRODUCT_NAME = "$(TARGET_NAME)";
				SDKROOT = iphoneos;
				SWIFT_VERSION = 5.0;
				TARGETED_DEVICE_FAMILY = "1,2";
				VALIDATE_PRODUCT = YES;
			};
			name = Release;
		};
/* End XCBuildConfiguration section */

/* Begin XCConfigurationList section */
		85AC5B9C25D7CC890014D4F3 /* Build configuration list for PBXProject "LesmillsNZ" */ = {
			isa = XCConfigurationList;
			buildConfigurations = (
				85AC5BCD25D7CC910014D4F3 /* Debug */,
				85AC5BCE25D7CC910014D4F3 /* Release */,
			);
			defaultConfigurationIsVisible = 0;
			defaultConfigurationName = Release;
		};
		85AC5BCF25D7CC910014D4F3 /* Build configuration list for PBXNativeTarget "LesmillsNZ WatchKit Extension" */ = {
			isa = XCConfigurationList;
			buildConfigurations = (
				85AC5BD025D7CC910014D4F3 /* Debug */,
				85AC5BD125D7CC910014D4F3 /* Release */,
			);
			defaultConfigurationIsVisible = 0;
			defaultConfigurationName = Release;
		};
		85AC5BD325D7CC910014D4F3 /* Build configuration list for PBXNativeTarget "LesmillsNZ WatchKit App" */ = {
			isa = XCConfigurationList;
			buildConfigurations = (
				85AC5BD425D7CC910014D4F3 /* Debug */,
				85AC5BD525D7CC910014D4F3 /* Release */,
			);
			defaultConfigurationIsVisible = 0;
			defaultConfigurationName = Release;
		};
		85AC5BD725D7CC910014D4F3 /* Build configuration list for PBXNativeTarget "LesmillsNZ" */ = {
			isa = XCConfigurationList;
			buildConfigurations = (
				85AC5BD825D7CC910014D4F3 /* Debug */,
				85AC5BD925D7CC910014D4F3 /* Release */,
			);
			defaultConfigurationIsVisible = 0;
			defaultConfigurationName = Release;
		};
/* End XCConfigurationList section */
	};
	rootObject = 85AC5B9925D7CC890014D4F3 /* Project object */;
}
